// !$*UTF8*$!
{
	archiveVersion = 1;
	classes = {
	};
	objectVersion = 46;
	objects = {

/* Begin PBXBuildFile section */
		98CFDBE11F5C565300761EA0 /* AppDelegate.swift in Sources */ = {isa = PBXBuildFile; fileRef = 98CFDBE01F5C565300761EA0 /* AppDelegate.swift */; };
		98CFDBE31F5C565300761EA0 /* ViewController.swift in Sources */ = {isa = PBXBuildFile; fileRef = 98CFDBE21F5C565300761EA0 /* ViewController.swift */; };
		98CFDBE61F5C565300761EA0 /* Main.storyboard in Resources */ = {isa = PBXBuildFile; fileRef = 98CFDBE41F5C565300761EA0 /* Main.storyboard */; };
		98CFDBE81F5C565300761EA0 /* Assets.xcassets in Resources */ = {isa = PBXBuildFile; fileRef = 98CFDBE71F5C565300761EA0 /* Assets.xcassets */; };
		98CFDBEB1F5C565300761EA0 /* LaunchScreen.storyboard in Resources */ = {isa = PBXBuildFile; fileRef = 98CFDBE91F5C565300761EA0 /* LaunchScreen.storyboard */; };
		98CFDBF61F5C565300761EA0 /* Household_account_bookTests.swift in Sources */ = {isa = PBXBuildFile; fileRef = 98CFDBF51F5C565300761EA0 /* Household_account_bookTests.swift */; };
		98CFDC011F5C565300761EA0 /* Household_account_bookUITests.swift in Sources */ = {isa = PBXBuildFile; fileRef = 98CFDC001F5C565300761EA0 /* Household_account_bookUITests.swift */; };
/* End PBXBuildFile section */

/* Begin PBXContainerItemProxy section */
		98CFDBF21F5C565300761EA0 /* PBXContainerItemProxy */ = {
			isa = PBXContainerItemProxy;
			containerPortal = 98CFDBD51F5C565300761EA0 /* Project object */;
			proxyType = 1;
			remoteGlobalIDString = 98CFDBDC1F5C565300761EA0;
			remoteInfo = Household_account_book;
		};
		98CFDBFD1F5C565300761EA0 /* PBXContainerItemProxy */ = {
			isa = PBXContainerItemProxy;
			containerPortal = 98CFDBD51F5C565300761EA0 /* Project object */;
			proxyType = 1;
			remoteGlobalIDString = 98CFDBDC1F5C565300761EA0;
			remoteInfo = Household_account_book;
		};
/* End PBXContainerItemProxy section */

/* Begin PBXFileReference section */
		98CFDBDD1F5C565300761EA0 /* Household_account_book.app */ = {isa = PBXFileReference; explicitFileType = wrapper.application; includeInIndex = 0; path = Household_account_book.app; sourceTree = BUILT_PRODUCTS_DIR; };
		98CFDBE01F5C565300761EA0 /* AppDelegate.swift */ = {isa = PBXFileReference; lastKnownFileType = sourcecode.swift; path = AppDelegate.swift; sourceTree = "<group>"; };
		98CFDBE21F5C565300761EA0 /* ViewController.swift */ = {isa = PBXFileReference; lastKnownFileType = sourcecode.swift; path = ViewController.swift; sourceTree = "<group>"; };
		98CFDBE51F5C565300761EA0 /* Base */ = {isa = PBXFileReference; lastKnownFileType = file.storyboard; name = Base; path = Base.lproj/Main.storyboard; sourceTree = "<group>"; };
		98CFDBE71F5C565300761EA0 /* Assets.xcassets */ = {isa = PBXFileReference; lastKnownFileType = folder.assetcatalog; path = Assets.xcassets; sourceTree = "<group>"; };
		98CFDBEA1F5C565300761EA0 /* Base */ = {isa = PBXFileReference; lastKnownFileType = file.storyboard; name = Base; path = Base.lproj/LaunchScreen.storyboard; sourceTree = "<group>"; };
		98CFDBEC1F5C565300761EA0 /* Info.plist */ = {isa = PBXFileReference; lastKnownFileType = text.plist.xml; path = Info.plist; sourceTree = "<group>"; };
		98CFDBF11F5C565300761EA0 /* Household_account_bookTests.xctest */ = {isa = PBXFileReference; explicitFileType = wrapper.cfbundle; includeInIndex = 0; path = Household_account_bookTests.xctest; sourceTree = BUILT_PRODUCTS_DIR; };
		98CFDBF51F5C565300761EA0 /* Household_account_bookTests.swift */ = {isa = PBXFileReference; lastKnownFileType = sourcecode.swift; path = Household_account_bookTests.swift; sourceTree = "<group>"; };
		98CFDBF71F5C565300761EA0 /* Info.plist */ = {isa = PBXFileReference; lastKnownFileType = text.plist.xml; path = Info.plist; sourceTree = "<group>"; };
		98CFDBFC1F5C565300761EA0 /* Household_account_bookUITests.xctest */ = {isa = PBXFileReference; explicitFileType = wrapper.cfbundle; includeInIndex = 0; path = Household_account_bookUITests.xctest; sourceTree = BUILT_PRODUCTS_DIR; };
		98CFDC001F5C565300761EA0 /* Household_account_bookUITests.swift */ = {isa = PBXFileReference; lastKnownFileType = sourcecode.swift; path = Household_account_bookUITests.swift; sourceTree = "<group>"; };
		98CFDC021F5C565300761EA0 /* Info.plist */ = {isa = PBXFileReference; lastKnownFileType = text.plist.xml; path = Info.plist; sourceTree = "<group>"; };
/* End PBXFileReference section */

/* Begin PBXFrameworksBuildPhase section */
		98CFDBDA1F5C565300761EA0 /* Frameworks */ = {
			isa = PBXFrameworksBuildPhase;
			buildActionMask = 2147483647;
			files = (
			);
			runOnlyForDeploymentPostprocessing = 0;
		};
		98CFDBEE1F5C565300761EA0 /* Frameworks */ = {
			isa = PBXFrameworksBuildPhase;
			buildActionMask = 2147483647;
			files = (
			);
			runOnlyForDeploymentPostprocessing = 0;
		};
		98CFDBF91F5C565300761EA0 /* Frameworks */ = {
			isa = PBXFrameworksBuildPhase;
			buildActionMask = 2147483647;
			files = (
			);
			runOnlyForDeploymentPostprocessing = 0;
		};
/* End PBXFrameworksBuildPhase section */

/* Begin PBXGroup section */
		98CFDBD41F5C565300761EA0 = {
			isa = PBXGroup;
			children = (
				98CFDBDF1F5C565300761EA0 /* Household_account_book */,
				98CFDBF41F5C565300761EA0 /* Household_account_bookTests */,
				98CFDBFF1F5C565300761EA0 /* Household_account_bookUITests */,
				98CFDBDE1F5C565300761EA0 /* Products */,
			);
			sourceTree = "<group>";
		};
		98CFDBDE1F5C565300761EA0 /* Products */ = {
			isa = PBXGroup;
			children = (
				98CFDBDD1F5C565300761EA0 /* Household_account_book.app */,
				98CFDBF11F5C565300761EA0 /* Household_account_bookTests.xctest */,
				98CFDBFC1F5C565300761EA0 /* Household_account_bookUITests.xctest */,
			);
			name = Products;
			sourceTree = "<group>";
		};
		98CFDBDF1F5C565300761EA0 /* Household_account_book */ = {
			isa = PBXGroup;
			children = (
				98CFDBE01F5C565300761EA0 /* AppDelegate.swift */,
				98CFDBE21F5C565300761EA0 /* ViewController.swift */,
				98CFDBE41F5C565300761EA0 /* Main.storyboard */,
				98CFDBE71F5C565300761EA0 /* Assets.xcassets */,
				98CFDBE91F5C565300761EA0 /* LaunchScreen.storyboard */,
				98CFDBEC1F5C565300761EA0 /* Info.plist */,
			);
			path = Household_account_book;
			sourceTree = "<group>";
		};
		98CFDBF41F5C565300761EA0 /* Household_account_bookTests */ = {
			isa = PBXGroup;
			children = (
				98CFDBF51F5C565300761EA0 /* Household_account_bookTests.swift */,
				98CFDBF71F5C565300761EA0 /* Info.plist */,
			);
			path = Household_account_bookTests;
			sourceTree = "<group>";
		};
		98CFDBFF1F5C565300761EA0 /* Household_account_bookUITests */ = {
			isa = PBXGroup;
			children = (
				98CFDC001F5C565300761EA0 /* Household_account_bookUITests.swift */,
				98CFDC021F5C565300761EA0 /* Info.plist */,
			);
			path = Household_account_bookUITests;
			sourceTree = "<group>";
		};
/* End PBXGroup section */

/* Begin PBXNativeTarget section */
		98CFDBDC1F5C565300761EA0 /* Household_account_book */ = {
			isa = PBXNativeTarget;
			buildConfigurationList = 98CFDC051F5C565300761EA0 /* Build configuration list for PBXNativeTarget "Household_account_book" */;
			buildPhases = (
				98CFDBD91F5C565300761EA0 /* Sources */,
				98CFDBDA1F5C565300761EA0 /* Frameworks */,
				98CFDBDB1F5C565300761EA0 /* Resources */,
			);
			buildRules = (
			);
			dependencies = (
			);
			name = Household_account_book;
			productName = Household_account_book;
			productReference = 98CFDBDD1F5C565300761EA0 /* Household_account_book.app */;
			productType = "com.apple.product-type.application";
		};
		98CFDBF01F5C565300761EA0 /* Household_account_bookTests */ = {
			isa = PBXNativeTarget;
			buildConfigurationList = 98CFDC081F5C565300761EA0 /* Build configuration list for PBXNativeTarget "Household_account_bookTests" */;
			buildPhases = (
				98CFDBED1F5C565300761EA0 /* Sources */,
				98CFDBEE1F5C565300761EA0 /* Frameworks */,
				98CFDBEF1F5C565300761EA0 /* Resources */,
			);
			buildRules = (
			);
			dependencies = (
				98CFDBF31F5C565300761EA0 /* PBXTargetDependency */,
			);
			name = Household_account_bookTests;
			productName = Household_account_bookTests;
			productReference = 98CFDBF11F5C565300761EA0 /* Household_account_bookTests.xctest */;
			productType = "com.apple.product-type.bundle.unit-test";
		};
		98CFDBFB1F5C565300761EA0 /* Household_account_bookUITests */ = {
			isa = PBXNativeTarget;
			buildConfigurationList = 98CFDC0B1F5C565300761EA0 /* Build configuration list for PBXNativeTarget "Household_account_bookUITests" */;
			buildPhases = (
				98CFDBF81F5C565300761EA0 /* Sources */,
				98CFDBF91F5C565300761EA0 /* Frameworks */,
				98CFDBFA1F5C565300761EA0 /* Resources */,
			);
			buildRules = (
			);
			dependencies = (
				98CFDBFE1F5C565300761EA0 /* PBXTargetDependency */,
			);
			name = Household_account_bookUITests;
			productName = Household_account_bookUITests;
			productReference = 98CFDBFC1F5C565300761EA0 /* Household_account_bookUITests.xctest */;
			productType = "com.apple.product-type.bundle.ui-testing";
		};
/* End PBXNativeTarget section */

/* Begin PBXProject section */
		98CFDBD51F5C565300761EA0 /* Project object */ = {
			isa = PBXProject;
			attributes = {
				LastSwiftUpdateCheck = 0830;
				LastUpgradeCheck = 0830;
				ORGANIZATIONNAME = "ヒラマヒロト";
				TargetAttributes = {
					98CFDBDC1F5C565300761EA0 = {
						CreatedOnToolsVersion = 8.3.3;
						ProvisioningStyle = Automatic;
					};
					98CFDBF01F5C565300761EA0 = {
						CreatedOnToolsVersion = 8.3.3;
						ProvisioningStyle = Automatic;
						TestTargetID = 98CFDBDC1F5C565300761EA0;
					};
					98CFDBFB1F5C565300761EA0 = {
						CreatedOnToolsVersion = 8.3.3;
						ProvisioningStyle = Automatic;
						TestTargetID = 98CFDBDC1F5C565300761EA0;
					};
				};
			};
			buildConfigurationList = 98CFDBD81F5C565300761EA0 /* Build configuration list for PBXProject "Household_account_book" */;
			compatibilityVersion = "Xcode 3.2";
			developmentRegion = English;
			hasScannedForEncodings = 0;
			knownRegions = (
				en,
				Base,
			);
			mainGroup = 98CFDBD41F5C565300761EA0;
			productRefGroup = 98CFDBDE1F5C565300761EA0 /* Products */;
			projectDirPath = "";
			projectRoot = "";
			targets = (
				98CFDBDC1F5C565300761EA0 /* Household_account_book */,
				98CFDBF01F5C565300761EA0 /* Household_account_bookTests */,
				98CFDBFB1F5C565300761EA0 /* Household_account_bookUITests */,
			);
		};
/* End PBXProject section */

/* Begin PBXResourcesBuildPhase section */
		98CFDBDB1F5C565300761EA0 /* Resources */ = {
			isa = PBXResourcesBuildPhase;
			buildActionMask = 2147483647;
			files = (
				98CFDBEB1F5C565300761EA0 /* LaunchScreen.storyboard in Resources */,
				98CFDBE81F5C565300761EA0 /* Assets.xcassets in Resources */,
				98CFDBE61F5C565300761EA0 /* Main.storyboard in Resources */,
			);
			runOnlyForDeploymentPostprocessing = 0;
		};
		98CFDBEF1F5C565300761EA0 /* Resources */ = {
			isa = PBXResourcesBuildPhase;
			buildActionMask = 2147483647;
			files = (
			);
			runOnlyForDeploymentPostprocessing = 0;
		};
		98CFDBFA1F5C565300761EA0 /* Resources */ = {
			isa = PBXResourcesBuildPhase;
			buildActionMask = 2147483647;
			files = (
			);
			runOnlyForDeploymentPostprocessing = 0;
		};
/* End PBXResourcesBuildPhase section */

/* Begin PBXSourcesBuildPhase section */
		98CFDBD91F5C565300761EA0 /* Sources */ = {
			isa = PBXSourcesBuildPhase;
			buildActionMask = 2147483647;
			files = (
				98CFDBE31F5C565300761EA0 /* ViewController.swift in Sources */,
				98CFDBE11F5C565300761EA0 /* AppDelegate.swift in Sources */,
			);
			runOnlyForDeploymentPostprocessing = 0;
		};
		98CFDBED1F5C565300761EA0 /* Sources */ = {
			isa = PBXSourcesBuildPhase;
			buildActionMask = 2147483647;
			files = (
				98CFDBF61F5C565300761EA0 /* Household_account_bookTests.swift in Sources */,
			);
			runOnlyForDeploymentPostprocessing = 0;
		};
		98CFDBF81F5C565300761EA0 /* Sources */ = {
			isa = PBXSourcesBuildPhase;
			buildActionMask = 2147483647;
			files = (
				98CFDC011F5C565300761EA0 /* Household_account_bookUITests.swift in Sources */,
			);
			runOnlyForDeploymentPostprocessing = 0;
		};
/* End PBXSourcesBuildPhase section */

/* Begin PBXTargetDependency section */
		98CFDBF31F5C565300761EA0 /* PBXTargetDependency */ = {
			isa = PBXTargetDependency;
			target = 98CFDBDC1F5C565300761EA0 /* Household_account_book */;
			targetProxy = 98CFDBF21F5C565300761EA0 /* PBXContainerItemProxy */;
		};
		98CFDBFE1F5C565300761EA0 /* PBXTargetDependency */ = {
			isa = PBXTargetDependency;
			target = 98CFDBDC1F5C565300761EA0 /* Household_account_book */;
			targetProxy = 98CFDBFD1F5C565300761EA0 /* PBXContainerItemProxy */;
		};
/* End PBXTargetDependency section */

/* Begin PBXVariantGroup section */
		98CFDBE41F5C565300761EA0 /* Main.storyboard */ = {
			isa = PBXVariantGroup;
			children = (
				98CFDBE51F5C565300761EA0 /* Base */,
			);
			name = Main.storyboard;
			sourceTree = "<group>";
		};
		98CFDBE91F5C565300761EA0 /* LaunchScreen.storyboard */ = {
			isa = PBXVariantGroup;
			children = (
				98CFDBEA1F5C565300761EA0 /* Base */,
			);
			name = LaunchScreen.storyboard;
			sourceTree = "<group>";
		};
/* End PBXVariantGroup section */

/* Begin XCBuildConfiguration section */
		98CFDC031F5C565300761EA0 /* Debug */ = {
			isa = XCBuildConfiguration;
			buildSettings = {
				ALWAYS_SEARCH_USER_PATHS = NO;
				CLANG_ANALYZER_NONNULL = YES;
				CLANG_ANALYZER_NUMBER_OBJECT_CONVERSION = YES_AGGRESSIVE;
				CLANG_CXX_LANGUAGE_STANDARD = "gnu++0x";
				CLANG_CXX_LIBRARY = "libc++";
				CLANG_ENABLE_MODULES = YES;
				CLANG_ENABLE_OBJC_ARC = YES;
				CLANG_WARN_BOOL_CONVERSION = YES;
				CLANG_WARN_CONSTANT_CONVERSION = YES;
				CLANG_WARN_DIRECT_OBJC_ISA_USAGE = YES_ERROR;
				CLANG_WARN_DOCUMENTATION_COMMENTS = YES;
				CLANG_WARN_EMPTY_BODY = YES;
				CLANG_WARN_ENUM_CONVERSION = YES;
				CLANG_WARN_INFINITE_RECURSION = YES;
				CLANG_WARN_INT_CONVERSION = YES;
				CLANG_WARN_OBJC_ROOT_CLASS = YES_ERROR;
				CLANG_WARN_SUSPICIOUS_MOVE = YES;
				CLANG_WARN_UNREACHABLE_CODE = YES;
				CLANG_WARN__DUPLICATE_METHOD_MATCH = YES;
				"CODE_SIGN_IDENTITY[sdk=iphoneos*]" = "iPhone Developer";
				COPY_PHASE_STRIP = NO;
				DEBUG_INFORMATION_FORMAT = dwarf;
				ENABLE_STRICT_OBJC_MSGSEND = YES;
				ENABLE_TESTABILITY = YES;
				GCC_C_LANGUAGE_STANDARD = gnu99;
				GCC_DYNAMIC_NO_PIC = NO;
				GCC_NO_COMMON_BLOCKS = YES;
				GCC_OPTIMIZATION_LEVEL = 0;
				GCC_PREPROCESSOR_DEFINITIONS = (
					"DEBUG=1",
					"$(inherited)",
				);
				GCC_WARN_64_TO_32_BIT_CONVERSION = YES;
				GCC_WARN_ABOUT_RETURN_TYPE = YES_ERROR;
				GCC_WARN_UNDECLARED_SELECTOR = YES;
				GCC_WARN_UNINITIALIZED_AUTOS = YES_AGGRESSIVE;
				GCC_WARN_UNUSED_FUNCTION = YES;
				GCC_WARN_UNUSED_VARIABLE = YES;
				IPHONEOS_DEPLOYMENT_TARGET = 10.3;
				MTL_ENABLE_DEBUG_INFO = YES;
				ONLY_ACTIVE_ARCH = YES;
				SDKROOT = iphoneos;
				SWIFT_ACTIVE_COMPILATION_CONDITIONS = DEBUG;
				SWIFT_OPTIMIZATION_LEVEL = "-Onone";
				TARGETED_DEVICE_FAMILY = "1,2";
			};
			name = Debug;
		};
		98CFDC041F5C565300761EA0 /* Release */ = {
			isa = XCBuildConfiguration;
			buildSettings = {
				ALWAYS_SEARCH_USER_PATHS = NO;
				CLANG_ANALYZER_NONNULL = YES;
				CLANG_ANALYZER_NUMBER_OBJECT_CONVERSION = YES_AGGRESSIVE;
				CLANG_CXX_LANGUAGE_STANDARD = "gnu++0x";
				CLANG_CXX_LIBRARY = "libc++";
				CLANG_ENABLE_MODULES = YES;
				CLANG_ENABLE_OBJC_ARC = YES;
				CLANG_WARN_BOOL_CONVERSION = YES;
				CLANG_WARN_CONSTANT_CONVERSION = YES;
				CLANG_WARN_DIRECT_OBJC_ISA_USAGE = YES_ERROR;
				CLANG_WARN_DOCUMENTATION_COMMENTS = YES;
				CLANG_WARN_EMPTY_BODY = YES;
				CLANG_WARN_ENUM_CONVERSION = YES;
				CLANG_WARN_INFINITE_RECURSION = YES;
				CLANG_WARN_INT_CONVERSION = YES;
				CLANG_WARN_OBJC_ROOT_CLASS = YES_ERROR;
				CLANG_WARN_SUSPICIOUS_MOVE = YES;
				CLANG_WARN_UNREACHABLE_CODE = YES;
				CLANG_WARN__DUPLICATE_METHOD_MATCH = YES;
				"CODE_SIGN_IDENTITY[sdk=iphoneos*]" = "iPhone Developer";
				COPY_PHASE_STRIP = NO;
				DEBUG_INFORMATION_FORMAT = "dwarf-with-dsym";
				ENABLE_NS_ASSERTIONS = NO;
				ENABLE_STRICT_OBJC_MSGSEND = YES;
				GCC_C_LANGUAGE_STANDARD = gnu99;
				GCC_NO_COMMON_BLOCKS = YES;
				GCC_WARN_64_TO_32_BIT_CONVERSION = YES;
				GCC_WARN_ABOUT_RETURN_TYPE = YES_ERROR;
				GCC_WARN_UNDECLARED_SELECTOR = YES;
				GCC_WARN_UNINITIALIZED_AUTOS = YES_AGGRESSIVE;
				GCC_WARN_UNUSED_FUNCTION = YES;
				GCC_WARN_UNUSED_VARIABLE = YES;
				IPHONEOS_DEPLOYMENT_TARGET = 10.3;
				MTL_ENABLE_DEBUG_INFO = NO;
				SDKROOT = iphoneos;
				SWIFT_OPTIMIZATION_LEVEL = "-Owholemodule";
				TARGETED_DEVICE_FAMILY = "1,2";
				VALIDATE_PRODUCT = YES;
			};
			name = Release;
		};
		98CFDC061F5C565300761EA0 /* Debug */ = {
			isa = XCBuildConfiguration;
			buildSettings = {
				ASSETCATALOG_COMPILER_APPICON_NAME = AppIcon;
				INFOPLIST_FILE = Household_account_book/Info.plist;
				LD_RUNPATH_SEARCH_PATHS = "$(inherited) @executable_path/Frameworks";
				PRODUCT_BUNDLE_IDENTIFIER = "roto.Household-account-book";
				PRODUCT_NAME = "$(TARGET_NAME)";
				SWIFT_VERSION = 3.0;
			};
			name = Debug;
		};
		98CFDC071F5C565300761EA0 /* Release */ = {
			isa = XCBuildConfiguration;
			buildSettings = {
				ASSETCATALOG_COMPILER_APPICON_NAME = AppIcon;
				INFOPLIST_FILE = Household_account_book/Info.plist;
				LD_RUNPATH_SEARCH_PATHS = "$(inherited) @executable_path/Frameworks";
				PRODUCT_BUNDLE_IDENTIFIER = "roto.Household-account-book";
				PRODUCT_NAME = "$(TARGET_NAME)";
				SWIFT_VERSION = 3.0;
			};
			name = Release;
		};
		98CFDC091F5C565300761EA0 /* Debug */ = {
			isa = XCBuildConfiguration;
			buildSettings = {
				ALWAYS_EMBED_SWIFT_STANDARD_LIBRARIES = YES;
				BUNDLE_LOADER = "$(TEST_HOST)";
				INFOPLIST_FILE = Household_account_bookTests/Info.plist;
				LD_RUNPATH_SEARCH_PATHS = "$(inherited) @executable_path/Frameworks @loader_path/Frameworks";
				PRODUCT_BUNDLE_IDENTIFIER = "roto.Household-account-bookTests";
				PRODUCT_NAME = "$(TARGET_NAME)";
				SWIFT_VERSION = 3.0;
				TEST_HOST = "$(BUILT_PRODUCTS_DIR)/Household_account_book.app/Household_account_book";
			};
			name = Debug;
		};
		98CFDC0A1F5C565300761EA0 /* Release */ = {
			isa = XCBuildConfiguration;
			buildSettings = {
				ALWAYS_EMBED_SWIFT_STANDARD_LIBRARIES = YES;
				BUNDLE_LOADER = "$(TEST_HOST)";
				INFOPLIST_FILE = Household_account_bookTests/Info.plist;
				LD_RUNPATH_SEARCH_PATHS = "$(inherited) @executable_path/Frameworks @loader_path/Frameworks";
				PRODUCT_BUNDLE_IDENTIFIER = "roto.Household-account-bookTests";
				PRODUCT_NAME = "$(TARGET_NAME)";
				SWIFT_VERSION = 3.0;
				TEST_HOST = "$(BUILT_PRODUCTS_DIR)/Household_account_book.app/Household_account_book";
			};
			name = Release;
		};
		98CFDC0C1F5C565300761EA0 /* Debug */ = {
			isa = XCBuildConfiguration;
			buildSettings = {
				ALWAYS_EMBED_SWIFT_STANDARD_LIBRARIES = YES;
				INFOPLIST_FILE = Household_account_bookUITests/Info.plist;
				LD_RUNPATH_SEARCH_PATHS = "$(inherited) @executable_path/Frameworks @loader_path/Frameworks";
				PRODUCT_BUNDLE_IDENTIFIER = "roto.Household-account-bookUITests";
				PRODUCT_NAME = "$(TARGET_NAME)";
				SWIFT_VERSION = 3.0;
				TEST_TARGET_NAME = Household_account_book;
			};
			name = Debug;
		};
		98CFDC0D1F5C565300761EA0 /* Release */ = {
			isa = XCBuildConfiguration;
			buildSettings = {
				ALWAYS_EMBED_SWIFT_STANDARD_LIBRARIES = YES;
				INFOPLIST_FILE = Household_account_bookUITests/Info.plist;
				LD_RUNPATH_SEARCH_PATHS = "$(inherited) @executable_path/Frameworks @loader_path/Frameworks";
				PRODUCT_BUNDLE_IDENTIFIER = "roto.Household-account-bookUITests";
				PRODUCT_NAME = "$(TARGET_NAME)";
				SWIFT_VERSION = 3.0;
				TEST_TARGET_NAME = Household_account_book;
			};
			name = Release;
		};
/* End XCBuildConfiguration section */

/* Begin XCConfigurationList section */
		98CFDBD81F5C565300761EA0 /* Build configuration list for PBXProject "Household_account_book" */ = {
			isa = XCConfigurationList;
			buildConfigurations = (
				98CFDC031F5C565300761EA0 /* Debug */,
				98CFDC041F5C565300761EA0 /* Release */,
			);
			defaultConfigurationIsVisible = 0;
			defaultConfigurationName = Release;
		};
		98CFDC051F5C565300761EA0 /* Build configuration list for PBXNativeTarget "Household_account_book" */ = {
			isa = XCConfigurationList;
			buildConfigurations = (
				98CFDC061F5C565300761EA0 /* Debug */,
				98CFDC071F5C565300761EA0 /* Release */,
			);
			defaultConfigurationIsVisible = 0;
		};
		98CFDC081F5C565300761EA0 /* Build configuration list for PBXNativeTarget "Household_account_bookTests" */ = {
			isa = XCConfigurationList;
			buildConfigurations = (
				98CFDC091F5C565300761EA0 /* Debug */,
				98CFDC0A1F5C565300761EA0 /* Release */,
			);
			defaultConfigurationIsVisible = 0;
		};
		98CFDC0B1F5C565300761EA0 /* Build configuration list for PBXNativeTarget "Household_account_bookUITests" */ = {
			isa = XCConfigurationList;
			buildConfigurations = (
				98CFDC0C1F5C565300761EA0 /* Debug */,
				98CFDC0D1F5C565300761EA0 /* Release */,
			);
			defaultConfigurationIsVisible = 0;
		};
/* End XCConfigurationList section */
	};
	rootObject = 98CFDBD51F5C565300761EA0 /* Project object */;
}
